
Microsoft Visual Studio Solution File, Format Version 12.00
# Visual Studio Version 17
VisualStudioVersion = 17.10.34916.146
MinimumVisualStudioVersion = 10.0.40219.1
Project("{FAE04EC0-301F-11D3-BF4B-00C04F79EFBC}") = "TurnBasedBattlerProject", "WindowsFormsApp1\TurnBasedBattlerProject.csproj", "{0662C405-D8D9-4610-AE4C-22ED1BBD4C1D}"
EndProject
Global
	GlobalSection(SolutionConfigurationPlatforms) = preSolution
		Debug|Any CPU = Debug|Any CPU
		Release|Any CPU = Release|Any CPU
	EndGlobalSection
	GlobalSection(ProjectConfigurationPlatforms) = postSolution
		{0662C405-D8D9-4610-AE4C-22ED1BBD4C1D}.Debug|Any CPU.ActiveCfg = Debug|Any CPU
		{0662C405-D8D9-4610-AE4C-22ED1BBD4C1D}.Debug|Any CPU.Build.0 = Debug|Any CPU
		{0662C405-D8D9-4610-AE4C-22ED1BBD4C1D}.Release|Any CPU.ActiveCfg = Release|Any CPU
		{0662C405-D8D9-4610-AE4C-22ED1BBD4C1D}.Release|Any CPU.Build.0 = Release|Any CPU
	EndGlobalSection
	GlobalSection(SolutionProperties) = preSolution
		HideSolutionNode = FALSE
	EndGlobalSection
	GlobalSection(ExtensibilityGlobals) = postSolution
		SolutionGuid = {137DC688-B7DC-44E0-89A3-03669D6F8316}
	EndGlobalSection
EndGlobal
