
Microsoft Visual Studio Solution File, Format Version 12.00
# Visual Studio Version 16
VisualStudioVersion = 16.0.33214.272
MinimumVisualStudioVersion = 10.0.40219.1
Project("{FAE04EC0-301F-11D3-BF4B-00C04F79EFBC}") = "T1", "T1\T1.csproj", "{8A440B46-1B8C-4AD3-995B-C29BCDC469EF}"
EndProject
Global
	GlobalSection(SolutionConfigurationPlatforms) = preSolution
		Debug|Any CPU = Debug|Any CPU
		Release|Any CPU = Release|Any CPU
	EndGlobalSection
	GlobalSection(ProjectConfigurationPlatforms) = postSolution
		{8A440B46-1B8C-4AD3-995B-C29BCDC469EF}.Debug|Any CPU.ActiveCfg = Debug|Any CPU
		{8A440B46-1B8C-4AD3-995B-C29BCDC469EF}.Debug|Any CPU.Build.0 = Debug|Any CPU
		{8A440B46-1B8C-4AD3-995B-C29BCDC469EF}.Release|Any CPU.ActiveCfg = Release|Any CPU
		{8A440B46-1B8C-4AD3-995B-C29BCDC469EF}.Release|Any CPU.Build.0 = Release|Any CPU
	EndGlobalSection
	GlobalSection(SolutionProperties) = preSolution
		HideSolutionNode = FALSE
	EndGlobalSection
	GlobalSection(ExtensibilityGlobals) = postSolution
		SolutionGuid = {33A13707-023E-49C9-A916-44B96BF625B6}
	EndGlobalSection
EndGlobal
